PODS:
  - MSAlertController (1.0.2)
  - SACollectionViewVerticalScalingFlowLayout (1.0.0)

DEPENDENCIES:
  - MSAlertController
  - SACollectionViewVerticalScalingFlowLayout

SPEC CHECKSUMS:
  MSAlertController: 2b9d1aa709bd83147b0136788ecc8c3c89e10ab6
  SACollectionViewVerticalScalingFlowLayout: b20bec66cb29e98935dd72b7b096777649ab423e

COCOAPODS: 0.36.0.beta.2
