PODS:
  - MSAlertController (1.0.1)
  - SACollectionViewVerticalScalingFlowLayout (1.0.0)

DEPENDENCIES:
  - MSAlertController
  - SACollectionViewVerticalScalingFlowLayout

SPEC CHECKSUMS:
  MSAlertController: bc26f874f4a3a1d494201a3c2e0092d0097e229f
  SACollectionViewVerticalScalingFlowLayout: b20bec66cb29e98935dd72b7b096777649ab423e

COCOAPODS: 0.36.0.beta.2
